{
  "lockfileVersion": 1,
  "configVersion": 1,
  "workspaces": {
    "": {
      "name": "live-images",
      "dependencies": {
        "@cleverjs/cli": "latest",
      },
      "devDependencies": {
        "@types/bun": "latest",
        "typescript": "latest",
      },
    },
  },
  "packages": {
    "@cleverjs/cli": ["@cleverjs/cli@2.3.0", "", { "dependencies": { "@cleverjs/utils": "^1.1.9" } }, "sha512-3BAKAZ217dRK/8z84prna5ltocEywUnYlypUOxpdqTwIN35JnA5qogPVax72f1ZOH15u4sUAqbSb2nL1j5sJ/w=="],

    "@cleverjs/utils": ["@cleverjs/utils@1.1.9", "", { "dependencies": { "low-level": "^1.2.5", "ptr.js": "^1.3.0" } }, "sha512-cj6Jt9qvLuL8zBiSTzIWM0UnkW9ua0t/R8PXmLo0LQySA8WPrq6plKZON0pRI9pGFwG4UATEguGjbrQQ2hku6A=="],

    "@types/bun": ["@types/bun@1.3.6", "", { "dependencies": { "bun-types": "1.3.6" } }, "sha512-uWCv6FO/8LcpREhenN1d1b6fcspAB+cefwD7uti8C8VffIv0Um08TKMn98FynpTiU38+y2dUO55T11NgDt8VAA=="],

    "@types/node": ["@types/node@24.10.1", "", { "dependencies": { "undici-types": "~7.16.0" } }, "sha512-GNWcUTRBgIRJD5zj+Tq0fKOJ5XZajIiBroOF0yvj2bSU1WvNdYS/dn9UxwsujGW4JX06dnHyjV2y9rRaybH0iQ=="],

    "bun-types": ["bun-types@1.3.6", "", { "dependencies": { "@types/node": "*" } }, "sha512-OlFwHcnNV99r//9v5IIOgQ9Uk37gZqrNMCcqEaExdkVq3Avwqok1bJFmvGMCkCE0FqzdY8VMOZpfpR3lwI+CsQ=="],

    "low-level": ["low-level@1.2.5", "", {}, "sha512-1Lmiu2Wt+XHF7iCl1SmORXqxd3IO2Zx+EUpdgHZNw3Cct7u0IScdGfsYJvRk6QfE54jyZg9X/4YrZ0RxDjSCfg=="],

    "ptr.js": ["ptr.js@1.3.0", "", {}, "sha512-zDgHHxE8NZKHsU2SUcYjMhMHI5C03mElQqDQC6OAkZ0M+VlVoi1hStRjUVWdthYcvC1ZCPGbgxQoBf6Pmz9ykw=="],

    "typescript": ["typescript@5.9.3", "", { "bin": { "tsc": "bin/tsc", "tsserver": "bin/tsserver" } }, "sha512-jl1vZzPDinLr9eUt3J/t7V6FgNEw9QjvBPdysz9KfQDD41fQrC2Y4vKQdiaUpFT4bXlb1RHhLpp8wtm6M5TgSw=="],

    "undici-types": ["undici-types@7.16.0", "", {}, "sha512-Zz+aZWSj8LE6zoxD+xrjh4VfkIG8Ya6LvYkZqtUQGJPZjYl53ypCaUwWqo7eI0x66KBGeRo+mlBEkMSeSZ38Nw=="],
  }
}
